// !$*UTF8*$!
{
	archiveVersion = 1;
	classes = {
	};
	objectVersion = 46;
	objects = {

/* Begin PBXBuildFile section */
		26375A9E1ACE2852008BD965 /* ir.png in Resources */ = {isa = PBXBuildFile; fileRef = 26375A9D1ACE2852008BD965 /* ir.png */; };
		26375AA11ACE2EA4008BD965 /* HistorialPacienteSocial.m in Sources */ = {isa = PBXBuildFile; fileRef = 26375AA01ACE2EA4008BD965 /* HistorialPacienteSocial.m */; };
		26375AA41ACE2F33008BD965 /* MenuSocialController.m in Sources */ = {isa = PBXBuildFile; fileRef = 26375AA31ACE2F33008BD965 /* MenuSocialController.m */; };
		26436C261ADCD30B00565CCD /* 1427987532_circle_back_arrow_-32.png in Resources */ = {isa = PBXBuildFile; fileRef = 26436C251ADCD30B00565CCD /* 1427987532_circle_back_arrow_-32.png */; };
		26436C281ADCD32A00565CCD /* estetoscopio.jpg in Resources */ = {isa = PBXBuildFile; fileRef = 26436C271ADCD32A00565CCD /* estetoscopio.jpg */; };
		26436C2A1ADCDCDA00565CCD /* Bolts.framework in Frameworks */ = {isa = PBXBuildFile; fileRef = 26436C291ADCDCDA00565CCD /* Bolts.framework */; };
		26436C2C1ADCDCF000565CCD /* Parse.framework in Frameworks */ = {isa = PBXBuildFile; fileRef = 26436C2B1ADCDCF000565CCD /* Parse.framework */; };
		26436C2E1ADCDD0500565CCD /* ParseCrashReporting.framework in Frameworks */ = {isa = PBXBuildFile; fileRef = 26436C2D1ADCDD0500565CCD /* ParseCrashReporting.framework */; };
		26436C301ADCDD2700565CCD /* ParseFacebookUtils.framework in Frameworks */ = {isa = PBXBuildFile; fileRef = 26436C2F1ADCDD2700565CCD /* ParseFacebookUtils.framework */; };
		26436C321ADCDD3E00565CCD /* ParseFacebookUtilsV4.framework in Frameworks */ = {isa = PBXBuildFile; fileRef = 26436C311ADCDD3E00565CCD /* ParseFacebookUtilsV4.framework */; };
		26436C341ADCDD5400565CCD /* ParseUI.framework in Frameworks */ = {isa = PBXBuildFile; fileRef = 26436C331ADCDD5400565CCD /* ParseUI.framework */; };
		26BA10EC1AD2659100CA3357 /* Foundation.framework in Frameworks */ = {isa = PBXBuildFile; fileRef = 26BA10EB1AD2659100CA3357 /* Foundation.framework */; };
		26BA10EE1AD265A600CA3357 /* UIKit.framework in Frameworks */ = {isa = PBXBuildFile; fileRef = 26BA10ED1AD265A600CA3357 /* UIKit.framework */; };
		26BA10F01AD265F600CA3357 /* libstdc++.6.dylib in Frameworks */ = {isa = PBXBuildFile; fileRef = 26BA10EF1AD265F600CA3357 /* libstdc++.6.dylib */; };
		26BA10F31AD350B500CA3357 /* Lista_Estatus.m in Sources */ = {isa = PBXBuildFile; fileRef = 26BA10F21AD350B500CA3357 /* Lista_Estatus.m */; };
		26D804471ACCD489003497F5 /* main.m in Sources */ = {isa = PBXBuildFile; fileRef = 26D804461ACCD489003497F5 /* main.m */; };
		26D8044A1ACCD489003497F5 /* AppDelegate.m in Sources */ = {isa = PBXBuildFile; fileRef = 26D804491ACCD489003497F5 /* AppDelegate.m */; };
		26D8044D1ACCD489003497F5 /* HomeController.m in Sources */ = {isa = PBXBuildFile; fileRef = 26D8044C1ACCD489003497F5 /* HomeController.m */; };
		26D804501ACCD489003497F5 /* Main.storyboard in Resources */ = {isa = PBXBuildFile; fileRef = 26D8044E1ACCD489003497F5 /* Main.storyboard */; };
		26D804521ACCD489003497F5 /* Images.xcassets in Resources */ = {isa = PBXBuildFile; fileRef = 26D804511ACCD489003497F5 /* Images.xcassets */; };
		26D804551ACCD489003497F5 /* LaunchScreen.xib in Resources */ = {isa = PBXBuildFile; fileRef = 26D804531ACCD489003497F5 /* LaunchScreen.xib */; };
		26D804611ACCD489003497F5 /* JaYinetAppTests.m in Sources */ = {isa = PBXBuildFile; fileRef = 26D804601ACCD489003497F5 /* JaYinetAppTests.m */; };
		26D805801ACCD83B003497F5 /* SWRevealViewController.m in Sources */ = {isa = PBXBuildFile; fileRef = 26D8057F1ACCD83B003497F5 /* SWRevealViewController.m */; };
		26D805881ACCDB62003497F5 /* MenuController.m in Sources */ = {isa = PBXBuildFile; fileRef = 26D805871ACCDB62003497F5 /* MenuController.m */; };
		26D8058B1ACCE24B003497F5 /* 1427960059_menu-alt-32.png in Resources */ = {isa = PBXBuildFile; fileRef = 26D8058A1ACCE24B003497F5 /* 1427960059_menu-alt-32.png */; };
		26D8058F1ACD02AE003497F5 /* ConsultarController.m in Sources */ = {isa = PBXBuildFile; fileRef = 26D8058E1ACD02AE003497F5 /* ConsultarController.m */; };
		26D805921ACD0875003497F5 /* IniciarSesionController.m in Sources */ = {isa = PBXBuildFile; fileRef = 26D805911ACD0875003497F5 /* IniciarSesionController.m */; };
		26D8059E1ACD0A47003497F5 /* AudioToolbox.framework in Frameworks */ = {isa = PBXBuildFile; fileRef = 26D8059D1ACD0A47003497F5 /* AudioToolbox.framework */; };
		26D805A01ACD0A55003497F5 /* CFNetwork.framework in Frameworks */ = {isa = PBXBuildFile; fileRef = 26D8059F1ACD0A55003497F5 /* CFNetwork.framework */; };
		26D805A21ACD0A64003497F5 /* CoreGraphics.framework in Frameworks */ = {isa = PBXBuildFile; fileRef = 26D805A11ACD0A64003497F5 /* CoreGraphics.framework */; };
		26D805A41ACD0A72003497F5 /* CoreLocation.framework in Frameworks */ = {isa = PBXBuildFile; fileRef = 26D805A31ACD0A72003497F5 /* CoreLocation.framework */; };
		26D805A61ACD0A81003497F5 /* MobileCoreServices.framework in Frameworks */ = {isa = PBXBuildFile; fileRef = 26D805A51ACD0A80003497F5 /* MobileCoreServices.framework */; };
		26D805A81ACD0A8D003497F5 /* QuartzCore.framework in Frameworks */ = {isa = PBXBuildFile; fileRef = 26D805A71ACD0A8D003497F5 /* QuartzCore.framework */; };
		26D805AA1ACD0A98003497F5 /* Security.framework in Frameworks */ = {isa = PBXBuildFile; fileRef = 26D805A91ACD0A98003497F5 /* Security.framework */; };
		26D805AC1ACD0AA2003497F5 /* StoreKit.framework in Frameworks */ = {isa = PBXBuildFile; fileRef = 26D805AB1ACD0AA2003497F5 /* StoreKit.framework */; };
		26D805AE1ACD0AAE003497F5 /* SystemConfiguration.framework in Frameworks */ = {isa = PBXBuildFile; fileRef = 26D805AD1ACD0AAE003497F5 /* SystemConfiguration.framework */; };
		26D805B01ACD0AB8003497F5 /* libz.dylib in Frameworks */ = {isa = PBXBuildFile; fileRef = 26D805AF1ACD0AB8003497F5 /* libz.dylib */; };
		26D805B21ACD0AC6003497F5 /* libsqlite3.dylib in Frameworks */ = {isa = PBXBuildFile; fileRef = 26D805B11ACD0AC6003497F5 /* libsqlite3.dylib */; };
		26D805B81ACD4962003497F5 /* HistorialPacienteController.m in Sources */ = {isa = PBXBuildFile; fileRef = 26D805B71ACD4962003497F5 /* HistorialPacienteController.m */; };
		26D805BB1ACD4AD7003497F5 /* HistorialCell.m in Sources */ = {isa = PBXBuildFile; fileRef = 26D805BA1ACD4AD7003497F5 /* HistorialCell.m */; };
		26D805C31ACE0C78003497F5 /* corazon.jpg in Resources */ = {isa = PBXBuildFile; fileRef = 26D805C21ACE0C78003497F5 /* corazon.jpg */; };
		26D805C51ACE0CD2003497F5 /* estetoscopioM.jpg in Resources */ = {isa = PBXBuildFile; fileRef = 26D805C41ACE0CD2003497F5 /* estetoscopioM.jpg */; };
		26D805C71ACE1073003497F5 /* estetoscopioM1.png in Resources */ = {isa = PBXBuildFile; fileRef = 26D805C61ACE1073003497F5 /* estetoscopioM1.png */; };
		26DC7A251ACE6CC6006E0643 /* RegistroPaciente.m in Sources */ = {isa = PBXBuildFile; fileRef = 26DC7A241ACE6CC6006E0643 /* RegistroPaciente.m */; };
		26DC7A281ACFCD88006E0643 /* BuscarPaciente.m in Sources */ = {isa = PBXBuildFile; fileRef = 26DC7A271ACFCD88006E0643 /* BuscarPaciente.m */; };
		26DC7A2B1ACFE31F006E0643 /* HistorialEstatus.m in Sources */ = {isa = PBXBuildFile; fileRef = 26DC7A2A1ACFE31F006E0643 /* HistorialEstatus.m */; };
		26DC7A2E1ACFE63B006E0643 /* EstatusCell.m in Sources */ = {isa = PBXBuildFile; fileRef = 26DC7A2D1ACFE63B006E0643 /* EstatusCell.m */; };
		26DC7A321AD05C88006E0643 /* Actualiza_Estatus.m in Sources */ = {isa = PBXBuildFile; fileRef = 26DC7A311AD05C88006E0643 /* Actualiza_Estatus.m */; };
		26DC7A351AD06BF8006E0643 /* ListadoPacientes.m in Sources */ = {isa = PBXBuildFile; fileRef = 26DC7A341AD06BF8006E0643 /* ListadoPacientes.m */; };
		26DC7A381AD06CB9006E0643 /* ListadoCell.m in Sources */ = {isa = PBXBuildFile; fileRef = 26DC7A371AD06CB9006E0643 /* ListadoCell.m */; };
/* End PBXBuildFile section */

/* Begin PBXContainerItemProxy section */
		26D8045B1ACCD489003497F5 /* PBXContainerItemProxy */ = {
			isa = PBXContainerItemProxy;
			containerPortal = 26D804391ACCD489003497F5 /* Project object */;
			proxyType = 1;
			remoteGlobalIDString = 26D804401ACCD489003497F5;
			remoteInfo = JaYinetApp;
		};
/* End PBXContainerItemProxy section */

/* Begin PBXFileReference section */
		26375A9D1ACE2852008BD965 /* ir.png */ = {isa = PBXFileReference; lastKnownFileType = image.png; path = ir.png; sourceTree = "<group>"; };
		26375A9F1ACE2EA4008BD965 /* HistorialPacienteSocial.h */ = {isa = PBXFileReference; fileEncoding = 4; lastKnownFileType = sourcecode.c.h; path = HistorialPacienteSocial.h; sourceTree = "<group>"; };
		26375AA01ACE2EA4008BD965 /* HistorialPacienteSocial.m */ = {isa = PBXFileReference; fileEncoding = 4; lastKnownFileType = sourcecode.c.objc; path = HistorialPacienteSocial.m; sourceTree = "<group>"; };
		26375AA21ACE2F33008BD965 /* MenuSocialController.h */ = {isa = PBXFileReference; fileEncoding = 4; lastKnownFileType = sourcecode.c.h; path = MenuSocialController.h; sourceTree = "<group>"; };
		26375AA31ACE2F33008BD965 /* MenuSocialController.m */ = {isa = PBXFileReference; fileEncoding = 4; lastKnownFileType = sourcecode.c.objc; path = MenuSocialController.m; sourceTree = "<group>"; };
		26436C251ADCD30B00565CCD /* 1427987532_circle_back_arrow_-32.png */ = {isa = PBXFileReference; lastKnownFileType = image.png; path = "1427987532_circle_back_arrow_-32.png"; sourceTree = "<group>"; };
		26436C271ADCD32A00565CCD /* estetoscopio.jpg */ = {isa = PBXFileReference; lastKnownFileType = image.jpeg; path = estetoscopio.jpg; sourceTree = "<group>"; };
		26436C291ADCDCDA00565CCD /* Bolts.framework */ = {isa = PBXFileReference; lastKnownFileType = wrapper.framework; path = Bolts.framework; sourceTree = "<group>"; };
		26436C2B1ADCDCF000565CCD /* Parse.framework */ = {isa = PBXFileReference; lastKnownFileType = wrapper.framework; path = Parse.framework; sourceTree = "<group>"; };
		26436C2D1ADCDD0500565CCD /* ParseCrashReporting.framework */ = {isa = PBXFileReference; lastKnownFileType = wrapper.framework; path = ParseCrashReporting.framework; sourceTree = "<group>"; };
		26436C2F1ADCDD2700565CCD /* ParseFacebookUtils.framework */ = {isa = PBXFileReference; lastKnownFileType = wrapper.framework; path = ParseFacebookUtils.framework; sourceTree = "<group>"; };
		26436C311ADCDD3E00565CCD /* ParseFacebookUtilsV4.framework */ = {isa = PBXFileReference; lastKnownFileType = wrapper.framework; path = ParseFacebookUtilsV4.framework; sourceTree = "<group>"; };
		26436C331ADCDD5400565CCD /* ParseUI.framework */ = {isa = PBXFileReference; lastKnownFileType = wrapper.framework; path = ParseUI.framework; sourceTree = "<group>"; };
		26BA10EB1AD2659100CA3357 /* Foundation.framework */ = {isa = PBXFileReference; lastKnownFileType = wrapper.framework; name = Foundation.framework; path = System/Library/Frameworks/Foundation.framework; sourceTree = SDKROOT; };
		26BA10ED1AD265A600CA3357 /* UIKit.framework */ = {isa = PBXFileReference; lastKnownFileType = wrapper.framework; name = UIKit.framework; path = System/Library/Frameworks/UIKit.framework; sourceTree = SDKROOT; };
		26BA10EF1AD265F600CA3357 /* libstdc++.6.dylib */ = {isa = PBXFileReference; lastKnownFileType = "compiled.mach-o.dylib"; name = "libstdc++.6.dylib"; path = "usr/lib/libstdc++.6.dylib"; sourceTree = SDKROOT; };
		26BA10F11AD350B500CA3357 /* Lista_Estatus.h */ = {isa = PBXFileReference; fileEncoding = 4; lastKnownFileType = sourcecode.c.h; path = Lista_Estatus.h; sourceTree = "<group>"; };
		26BA10F21AD350B500CA3357 /* Lista_Estatus.m */ = {isa = PBXFileReference; fileEncoding = 4; lastKnownFileType = sourcecode.c.objc; path = Lista_Estatus.m; sourceTree = "<group>"; };
		26D804411ACCD489003497F5 /* JaYinetApp.app */ = {isa = PBXFileReference; explicitFileType = wrapper.application; includeInIndex = 0; path = JaYinetApp.app; sourceTree = BUILT_PRODUCTS_DIR; };
		26D804451ACCD489003497F5 /* Info.plist */ = {isa = PBXFileReference; lastKnownFileType = text.plist.xml; path = Info.plist; sourceTree = "<group>"; };
		26D804461ACCD489003497F5 /* main.m */ = {isa = PBXFileReference; lastKnownFileType = sourcecode.c.objc; path = main.m; sourceTree = "<group>"; };
		26D804481ACCD489003497F5 /* AppDelegate.h */ = {isa = PBXFileReference; lastKnownFileType = sourcecode.c.h; path = AppDelegate.h; sourceTree = "<group>"; };
		26D804491ACCD489003497F5 /* AppDelegate.m */ = {isa = PBXFileReference; lastKnownFileType = sourcecode.c.objc; path = AppDelegate.m; sourceTree = "<group>"; };
		26D8044B1ACCD489003497F5 /* HomeController.h */ = {isa = PBXFileReference; lastKnownFileType = sourcecode.c.h; path = HomeController.h; sourceTree = "<group>"; };
		26D8044C1ACCD489003497F5 /* HomeController.m */ = {isa = PBXFileReference; lastKnownFileType = sourcecode.c.objc; path = HomeController.m; sourceTree = "<group>"; };
		26D8044F1ACCD489003497F5 /* Base */ = {isa = PBXFileReference; lastKnownFileType = file.storyboard; name = Base; path = Base.lproj/Main.storyboard; sourceTree = "<group>"; };
		26D804511ACCD489003497F5 /* Images.xcassets */ = {isa = PBXFileReference; lastKnownFileType = folder.assetcatalog; path = Images.xcassets; sourceTree = "<group>"; };
		26D804541ACCD489003497F5 /* Base */ = {isa = PBXFileReference; lastKnownFileType = file.xib; name = Base; path = Base.lproj/LaunchScreen.xib; sourceTree = "<group>"; };
		26D8045A1ACCD489003497F5 /* JaYinetAppTests.xctest */ = {isa = PBXFileReference; explicitFileType = wrapper.cfbundle; includeInIndex = 0; path = JaYinetAppTests.xctest; sourceTree = BUILT_PRODUCTS_DIR; };
		26D8045F1ACCD489003497F5 /* Info.plist */ = {isa = PBXFileReference; lastKnownFileType = text.plist.xml; path = Info.plist; sourceTree = "<group>"; };
		26D804601ACCD489003497F5 /* JaYinetAppTests.m */ = {isa = PBXFileReference; lastKnownFileType = sourcecode.c.objc; path = JaYinetAppTests.m; sourceTree = "<group>"; };
		26D8057E1ACCD83B003497F5 /* SWRevealViewController.h */ = {isa = PBXFileReference; fileEncoding = 4; lastKnownFileType = sourcecode.c.h; path = SWRevealViewController.h; sourceTree = "<group>"; };
		26D8057F1ACCD83B003497F5 /* SWRevealViewController.m */ = {isa = PBXFileReference; fileEncoding = 4; lastKnownFileType = sourcecode.c.objc; path = SWRevealViewController.m; sourceTree = "<group>"; };
		26D805861ACCDB62003497F5 /* MenuController.h */ = {isa = PBXFileReference; fileEncoding = 4; lastKnownFileType = sourcecode.c.h; path = MenuController.h; sourceTree = "<group>"; };
		26D805871ACCDB62003497F5 /* MenuController.m */ = {isa = PBXFileReference; fileEncoding = 4; lastKnownFileType = sourcecode.c.objc; path = MenuController.m; sourceTree = "<group>"; };
		26D8058A1ACCE24B003497F5 /* 1427960059_menu-alt-32.png */ = {isa = PBXFileReference; lastKnownFileType = image.png; path = "1427960059_menu-alt-32.png"; sourceTree = "<group>"; };
		26D8058D1ACD02AE003497F5 /* ConsultarController.h */ = {isa = PBXFileReference; fileEncoding = 4; lastKnownFileType = sourcecode.c.h; path = ConsultarController.h; sourceTree = "<group>"; };
		26D8058E1ACD02AE003497F5 /* ConsultarController.m */ = {isa = PBXFileReference; fileEncoding = 4; lastKnownFileType = sourcecode.c.objc; path = ConsultarController.m; sourceTree = "<group>"; };
		26D805901ACD0875003497F5 /* IniciarSesionController.h */ = {isa = PBXFileReference; fileEncoding = 4; lastKnownFileType = sourcecode.c.h; path = IniciarSesionController.h; sourceTree = "<group>"; };
		26D805911ACD0875003497F5 /* IniciarSesionController.m */ = {isa = PBXFileReference; fileEncoding = 4; lastKnownFileType = sourcecode.c.objc; path = IniciarSesionController.m; sourceTree = "<group>"; };
		26D8059D1ACD0A47003497F5 /* AudioToolbox.framework */ = {isa = PBXFileReference; lastKnownFileType = wrapper.framework; name = AudioToolbox.framework; path = System/Library/Frameworks/AudioToolbox.framework; sourceTree = SDKROOT; };
		26D8059F1ACD0A55003497F5 /* CFNetwork.framework */ = {isa = PBXFileReference; lastKnownFileType = wrapper.framework; name = CFNetwork.framework; path = System/Library/Frameworks/CFNetwork.framework; sourceTree = SDKROOT; };
		26D805A11ACD0A64003497F5 /* CoreGraphics.framework */ = {isa = PBXFileReference; lastKnownFileType = wrapper.framework; name = CoreGraphics.framework; path = System/Library/Frameworks/CoreGraphics.framework; sourceTree = SDKROOT; };
		26D805A31ACD0A72003497F5 /* CoreLocation.framework */ = {isa = PBXFileReference; lastKnownFileType = wrapper.framework; name = CoreLocation.framework; path = System/Library/Frameworks/CoreLocation.framework; sourceTree = SDKROOT; };
		26D805A51ACD0A80003497F5 /* MobileCoreServices.framework */ = {isa = PBXFileReference; lastKnownFileType = wrapper.framework; name = MobileCoreServices.framework; path = System/Library/Frameworks/MobileCoreServices.framework; sourceTree = SDKROOT; };
		26D805A71ACD0A8D003497F5 /* QuartzCore.framework */ = {isa = PBXFileReference; lastKnownFileType = wrapper.framework; name = QuartzCore.framework; path = System/Library/Frameworks/QuartzCore.framework; sourceTree = SDKROOT; };
		26D805A91ACD0A98003497F5 /* Security.framework */ = {isa = PBXFileReference; lastKnownFileType = wrapper.framework; name = Security.framework; path = System/Library/Frameworks/Security.framework; sourceTree = SDKROOT; };
		26D805AB1ACD0AA2003497F5 /* StoreKit.framework */ = {isa = PBXFileReference; lastKnownFileType = wrapper.framework; name = StoreKit.framework; path = System/Library/Frameworks/StoreKit.framework; sourceTree = SDKROOT; };
		26D805AD1ACD0AAE003497F5 /* SystemConfiguration.framework */ = {isa = PBXFileReference; lastKnownFileType = wrapper.framework; name = SystemConfiguration.framework; path = System/Library/Frameworks/SystemConfiguration.framework; sourceTree = SDKROOT; };
		26D805AF1ACD0AB8003497F5 /* libz.dylib */ = {isa = PBXFileReference; lastKnownFileType = "compiled.mach-o.dylib"; name = libz.dylib; path = usr/lib/libz.dylib; sourceTree = SDKROOT; };
		26D805B11ACD0AC6003497F5 /* libsqlite3.dylib */ = {isa = PBXFileReference; lastKnownFileType = "compiled.mach-o.dylib"; name = libsqlite3.dylib; path = usr/lib/libsqlite3.dylib; sourceTree = SDKROOT; };
		26D805B61ACD4962003497F5 /* HistorialPacienteController.h */ = {isa = PBXFileReference; fileEncoding = 4; lastKnownFileType = sourcecode.c.h; path = HistorialPacienteController.h; sourceTree = "<group>"; };
		26D805B71ACD4962003497F5 /* HistorialPacienteController.m */ = {isa = PBXFileReference; fileEncoding = 4; lastKnownFileType = sourcecode.c.objc; path = HistorialPacienteController.m; sourceTree = "<group>"; };
		26D805B91ACD4AD7003497F5 /* HistorialCell.h */ = {isa = PBXFileReference; fileEncoding = 4; lastKnownFileType = sourcecode.c.h; path = HistorialCell.h; sourceTree = "<group>"; };
		26D805BA1ACD4AD7003497F5 /* HistorialCell.m */ = {isa = PBXFileReference; fileEncoding = 4; lastKnownFileType = sourcecode.c.objc; path = HistorialCell.m; sourceTree = "<group>"; };
		26D805C21ACE0C78003497F5 /* corazon.jpg */ = {isa = PBXFileReference; lastKnownFileType = image.jpeg; path = corazon.jpg; sourceTree = "<group>"; };
		26D805C41ACE0CD2003497F5 /* estetoscopioM.jpg */ = {isa = PBXFileReference; lastKnownFileType = image.jpeg; path = estetoscopioM.jpg; sourceTree = "<group>"; };
		26D805C61ACE1073003497F5 /* estetoscopioM1.png */ = {isa = PBXFileReference; lastKnownFileType = image.png; path = estetoscopioM1.png; sourceTree = "<group>"; };
		26DC7A231ACE6CC6006E0643 /* RegistroPaciente.h */ = {isa = PBXFileReference; fileEncoding = 4; lastKnownFileType = sourcecode.c.h; path = RegistroPaciente.h; sourceTree = "<group>"; };
		26DC7A241ACE6CC6006E0643 /* RegistroPaciente.m */ = {isa = PBXFileReference; fileEncoding = 4; lastKnownFileType = sourcecode.c.objc; path = RegistroPaciente.m; sourceTree = "<group>"; };
		26DC7A261ACFCD88006E0643 /* BuscarPaciente.h */ = {isa = PBXFileReference; fileEncoding = 4; lastKnownFileType = sourcecode.c.h; path = BuscarPaciente.h; sourceTree = "<group>"; };
		26DC7A271ACFCD88006E0643 /* BuscarPaciente.m */ = {isa = PBXFileReference; fileEncoding = 4; lastKnownFileType = sourcecode.c.objc; path = BuscarPaciente.m; sourceTree = "<group>"; };
		26DC7A291ACFE31F006E0643 /* HistorialEstatus.h */ = {isa = PBXFileReference; fileEncoding = 4; lastKnownFileType = sourcecode.c.h; path = HistorialEstatus.h; sourceTree = "<group>"; };
		26DC7A2A1ACFE31F006E0643 /* HistorialEstatus.m */ = {isa = PBXFileReference; fileEncoding = 4; lastKnownFileType = sourcecode.c.objc; path = HistorialEstatus.m; sourceTree = "<group>"; };
		26DC7A2C1ACFE63B006E0643 /* EstatusCell.h */ = {isa = PBXFileReference; fileEncoding = 4; lastKnownFileType = sourcecode.c.h; path = EstatusCell.h; sourceTree = "<group>"; };
		26DC7A2D1ACFE63B006E0643 /* EstatusCell.m */ = {isa = PBXFileReference; fileEncoding = 4; lastKnownFileType = sourcecode.c.objc; path = EstatusCell.m; sourceTree = "<group>"; };
		26DC7A301AD05C88006E0643 /* Actualiza_Estatus.h */ = {isa = PBXFileReference; fileEncoding = 4; lastKnownFileType = sourcecode.c.h; path = Actualiza_Estatus.h; sourceTree = "<group>"; };
		26DC7A311AD05C88006E0643 /* Actualiza_Estatus.m */ = {isa = PBXFileReference; fileEncoding = 4; lastKnownFileType = sourcecode.c.objc; path = Actualiza_Estatus.m; sourceTree = "<group>"; };
		26DC7A331AD06BF8006E0643 /* ListadoPacientes.h */ = {isa = PBXFileReference; fileEncoding = 4; lastKnownFileType = sourcecode.c.h; path = ListadoPacientes.h; sourceTree = "<group>"; };
		26DC7A341AD06BF8006E0643 /* ListadoPacientes.m */ = {isa = PBXFileReference; fileEncoding = 4; lastKnownFileType = sourcecode.c.objc; path = ListadoPacientes.m; sourceTree = "<group>"; };
		26DC7A361AD06CB9006E0643 /* ListadoCell.h */ = {isa = PBXFileReference; fileEncoding = 4; lastKnownFileType = sourcecode.c.h; path = ListadoCell.h; sourceTree = "<group>"; };
		26DC7A371AD06CB9006E0643 /* ListadoCell.m */ = {isa = PBXFileReference; fileEncoding = 4; lastKnownFileType = sourcecode.c.objc; path = ListadoCell.m; sourceTree = "<group>"; };
/* End PBXFileReference section */

/* Begin PBXFrameworksBuildPhase section */
		26D8043E1ACCD489003497F5 /* Frameworks */ = {
			isa = PBXFrameworksBuildPhase;
			buildActionMask = 2147483647;
			files = (
				26436C2A1ADCDCDA00565CCD /* Bolts.framework in Frameworks */,
				26BA10F01AD265F600CA3357 /* libstdc++.6.dylib in Frameworks */,
				26436C341ADCDD5400565CCD /* ParseUI.framework in Frameworks */,
				26436C321ADCDD3E00565CCD /* ParseFacebookUtilsV4.framework in Frameworks */,
				26436C301ADCDD2700565CCD /* ParseFacebookUtils.framework in Frameworks */,
				26BA10EE1AD265A600CA3357 /* UIKit.framework in Frameworks */,
				26436C2E1ADCDD0500565CCD /* ParseCrashReporting.framework in Frameworks */,
				26BA10EC1AD2659100CA3357 /* Foundation.framework in Frameworks */,
				26D805B21ACD0AC6003497F5 /* libsqlite3.dylib in Frameworks */,
				26D805B01ACD0AB8003497F5 /* libz.dylib in Frameworks */,
				26436C2C1ADCDCF000565CCD /* Parse.framework in Frameworks */,
				26D805AE1ACD0AAE003497F5 /* SystemConfiguration.framework in Frameworks */,
				26D805AC1ACD0AA2003497F5 /* StoreKit.framework in Frameworks */,
				26D805AA1ACD0A98003497F5 /* Security.framework in Frameworks */,
				26D805A81ACD0A8D003497F5 /* QuartzCore.framework in Frameworks */,
				26D805A61ACD0A81003497F5 /* MobileCoreServices.framework in Frameworks */,
				26D805A41ACD0A72003497F5 /* CoreLocation.framework in Frameworks */,
				26D805A21ACD0A64003497F5 /* CoreGraphics.framework in Frameworks */,
				26D805A01ACD0A55003497F5 /* CFNetwork.framework in Frameworks */,
				26D8059E1ACD0A47003497F5 /* AudioToolbox.framework in Frameworks */,
			);
			runOnlyForDeploymentPostprocessing = 0;
		};
		26D804571ACCD489003497F5 /* Frameworks */ = {
			isa = PBXFrameworksBuildPhase;
			buildActionMask = 2147483647;
			files = (
			);
			runOnlyForDeploymentPostprocessing = 0;
		};
/* End PBXFrameworksBuildPhase section */

/* Begin PBXGroup section */
		26D804381ACCD489003497F5 = {
			isa = PBXGroup;
			children = (
				26BA10EF1AD265F600CA3357 /* libstdc++.6.dylib */,
				26BA10ED1AD265A600CA3357 /* UIKit.framework */,
				26BA10EB1AD2659100CA3357 /* Foundation.framework */,
				26D804431ACCD489003497F5 /* JaYinetApp */,
				26D8045D1ACCD489003497F5 /* JaYinetAppTests */,
				26D804421ACCD489003497F5 /* Products */,
			);
			sourceTree = "<group>";
		};
		26D804421ACCD489003497F5 /* Products */ = {
			isa = PBXGroup;
			children = (
				26D804411ACCD489003497F5 /* JaYinetApp.app */,
				26D8045A1ACCD489003497F5 /* JaYinetAppTests.xctest */,
			);
			name = Products;
			sourceTree = "<group>";
		};
		26D804431ACCD489003497F5 /* JaYinetApp */ = {
			isa = PBXGroup;
			children = (
				26D805B51ACD0F2A003497F5 /* TrabajoSocial */,
				26D805B41ACD0E24003497F5 /* Responsable */,
				26D8058C1ACD028F003497F5 /* Consultas */,
				26D805891ACCE23A003497F5 /* Media */,
				26D805821ACCD98E003497F5 /* Menu */,
				26D805811ACCD986003497F5 /* Home */,
				26D8046A1ACCD7A9003497F5 /* Frameworks */,
				26D804481ACCD489003497F5 /* AppDelegate.h */,
				26D804491ACCD489003497F5 /* AppDelegate.m */,
				26D8044E1ACCD489003497F5 /* Main.storyboard */,
				26D804511ACCD489003497F5 /* Images.xcassets */,
				26D804531ACCD489003497F5 /* LaunchScreen.xib */,
				26D804441ACCD489003497F5 /* Supporting Files */,
			);
			path = JaYinetApp;
			sourceTree = "<group>";
		};
		26D804441ACCD489003497F5 /* Supporting Files */ = {
			isa = PBXGroup;
			children = (
				26D804451ACCD489003497F5 /* Info.plist */,
				26D804461ACCD489003497F5 /* main.m */,
			);
			name = "Supporting Files";
			sourceTree = "<group>";
		};
		26D8045D1ACCD489003497F5 /* JaYinetAppTests */ = {
			isa = PBXGroup;
			children = (
				26D804601ACCD489003497F5 /* JaYinetAppTests.m */,
				26D8045E1ACCD489003497F5 /* Supporting Files */,
			);
			path = JaYinetAppTests;
			sourceTree = "<group>";
		};
		26D8045E1ACCD489003497F5 /* Supporting Files */ = {
			isa = PBXGroup;
			children = (
				26D8045F1ACCD489003497F5 /* Info.plist */,
			);
			name = "Supporting Files";
			sourceTree = "<group>";
		};
		26D8046A1ACCD7A9003497F5 /* Frameworks */ = {
			isa = PBXGroup;
			children = (
				26436C331ADCDD5400565CCD /* ParseUI.framework */,
				26436C311ADCDD3E00565CCD /* ParseFacebookUtilsV4.framework */,
				26436C2F1ADCDD2700565CCD /* ParseFacebookUtils.framework */,
				26436C2D1ADCDD0500565CCD /* ParseCrashReporting.framework */,
				26436C2B1ADCDCF000565CCD /* Parse.framework */,
				26436C291ADCDCDA00565CCD /* Bolts.framework */,
				26D805B11ACD0AC6003497F5 /* libsqlite3.dylib */,
				26D805AF1ACD0AB8003497F5 /* libz.dylib */,
				26D805AD1ACD0AAE003497F5 /* SystemConfiguration.framework */,
				26D805AB1ACD0AA2003497F5 /* StoreKit.framework */,
				26D805A91ACD0A98003497F5 /* Security.framework */,
				26D805A71ACD0A8D003497F5 /* QuartzCore.framework */,
				26D805A51ACD0A80003497F5 /* MobileCoreServices.framework */,
				26D805A31ACD0A72003497F5 /* CoreLocation.framework */,
				26D805A11ACD0A64003497F5 /* CoreGraphics.framework */,
				26D8059F1ACD0A55003497F5 /* CFNetwork.framework */,
				26D8059D1ACD0A47003497F5 /* AudioToolbox.framework */,
				26D8057D1ACCD83B003497F5 /* SWRevealViewController */,
			);
			name = Frameworks;
			sourceTree = "<group>";
		};
		26D8057D1ACCD83B003497F5 /* SWRevealViewController */ = {
			isa = PBXGroup;
			children = (
				26D8057E1ACCD83B003497F5 /* SWRevealViewController.h */,
				26D8057F1ACCD83B003497F5 /* SWRevealViewController.m */,
			);
			path = SWRevealViewController;
			sourceTree = "<group>";
		};
		26D805811ACCD986003497F5 /* Home */ = {
			isa = PBXGroup;
			children = (
				26D8044B1ACCD489003497F5 /* HomeController.h */,
				26D8044C1ACCD489003497F5 /* HomeController.m */,
			);
			name = Home;
			sourceTree = "<group>";
		};
		26D805821ACCD98E003497F5 /* Menu */ = {
			isa = PBXGroup;
			children = (
				26D805861ACCDB62003497F5 /* MenuController.h */,
				26D805871ACCDB62003497F5 /* MenuController.m */,
			);
			name = Menu;
			sourceTree = "<group>";
		};
		26D805891ACCE23A003497F5 /* Media */ = {
			isa = PBXGroup;
			children = (
				26436C271ADCD32A00565CCD /* estetoscopio.jpg */,
				26436C251ADCD30B00565CCD /* 1427987532_circle_back_arrow_-32.png */,
				26375A9D1ACE2852008BD965 /* ir.png */,
				26D805C61ACE1073003497F5 /* estetoscopioM1.png */,
				26D805C41ACE0CD2003497F5 /* estetoscopioM.jpg */,
				26D805C21ACE0C78003497F5 /* corazon.jpg */,
				26D8058A1ACCE24B003497F5 /* 1427960059_menu-alt-32.png */,
			);
			name = Media;
			sourceTree = "<group>";
		};
		26D8058C1ACD028F003497F5 /* Consultas */ = {
			isa = PBXGroup;
			children = (
			);
			name = Consultas;
			sourceTree = "<group>";
		};
		26D805B41ACD0E24003497F5 /* Responsable */ = {
			isa = PBXGroup;
			children = (
				26D8058D1ACD02AE003497F5 /* ConsultarController.h */,
				26D8058E1ACD02AE003497F5 /* ConsultarController.m */,
				26D805B61ACD4962003497F5 /* HistorialPacienteController.h */,
				26D805B71ACD4962003497F5 /* HistorialPacienteController.m */,
				26D805B91ACD4AD7003497F5 /* HistorialCell.h */,
				26D805BA1ACD4AD7003497F5 /* HistorialCell.m */,
			);
			name = Responsable;
			sourceTree = "<group>";
		};
		26D805B51ACD0F2A003497F5 /* TrabajoSocial */ = {
			isa = PBXGroup;
			children = (
				26D805901ACD0875003497F5 /* IniciarSesionController.h */,
				26D805911ACD0875003497F5 /* IniciarSesionController.m */,
				26375A9F1ACE2EA4008BD965 /* HistorialPacienteSocial.h */,
				26375AA01ACE2EA4008BD965 /* HistorialPacienteSocial.m */,
				26375AA21ACE2F33008BD965 /* MenuSocialController.h */,
				26375AA31ACE2F33008BD965 /* MenuSocialController.m */,
				26DC7A231ACE6CC6006E0643 /* RegistroPaciente.h */,
				26DC7A241ACE6CC6006E0643 /* RegistroPaciente.m */,
				26DC7A261ACFCD88006E0643 /* BuscarPaciente.h */,
				26DC7A271ACFCD88006E0643 /* BuscarPaciente.m */,
				26DC7A291ACFE31F006E0643 /* HistorialEstatus.h */,
				26DC7A2A1ACFE31F006E0643 /* HistorialEstatus.m */,
				26DC7A2C1ACFE63B006E0643 /* EstatusCell.h */,
				26DC7A2D1ACFE63B006E0643 /* EstatusCell.m */,
				26DC7A301AD05C88006E0643 /* Actualiza_Estatus.h */,
				26DC7A311AD05C88006E0643 /* Actualiza_Estatus.m */,
				26DC7A331AD06BF8006E0643 /* ListadoPacientes.h */,
				26DC7A341AD06BF8006E0643 /* ListadoPacientes.m */,
				26DC7A361AD06CB9006E0643 /* ListadoCell.h */,
				26DC7A371AD06CB9006E0643 /* ListadoCell.m */,
				26BA10F11AD350B500CA3357 /* Lista_Estatus.h */,
				26BA10F21AD350B500CA3357 /* Lista_Estatus.m */,
			);
			name = TrabajoSocial;
			sourceTree = "<group>";
		};
/* End PBXGroup section */

/* Begin PBXNativeTarget section */
		26D804401ACCD489003497F5 /* JaYinetApp */ = {
			isa = PBXNativeTarget;
			buildConfigurationList = 26D804641ACCD489003497F5 /* Build configuration list for PBXNativeTarget "JaYinetApp" */;
			buildPhases = (
				26D8043D1ACCD489003497F5 /* Sources */,
				26D8043E1ACCD489003497F5 /* Frameworks */,
				26D8043F1ACCD489003497F5 /* Resources */,
			);
			buildRules = (
			);
			dependencies = (
			);
			name = JaYinetApp;
			productName = JaYinetApp;
			productReference = 26D804411ACCD489003497F5 /* JaYinetApp.app */;
			productType = "com.apple.product-type.application";
		};
		26D804591ACCD489003497F5 /* JaYinetAppTests */ = {
			isa = PBXNativeTarget;
			buildConfigurationList = 26D804671ACCD489003497F5 /* Build configuration list for PBXNativeTarget "JaYinetAppTests" */;
			buildPhases = (
				26D804561ACCD489003497F5 /* Sources */,
				26D804571ACCD489003497F5 /* Frameworks */,
				26D804581ACCD489003497F5 /* Resources */,
			);
			buildRules = (
			);
			dependencies = (
				26D8045C1ACCD489003497F5 /* PBXTargetDependency */,
			);
			name = JaYinetAppTests;
			productName = JaYinetAppTests;
			productReference = 26D8045A1ACCD489003497F5 /* JaYinetAppTests.xctest */;
			productType = "com.apple.product-type.bundle.unit-test";
		};
/* End PBXNativeTarget section */

/* Begin PBXProject section */
		26D804391ACCD489003497F5 /* Project object */ = {
			isa = PBXProject;
			attributes = {
				LastUpgradeCheck = 0610;
				ORGANIZATIONNAME = "Elizabeth Martínez Gómez";
				TargetAttributes = {
					26D804401ACCD489003497F5 = {
						CreatedOnToolsVersion = 6.1.1;
						DevelopmentTeam = QXF33N93KH;
					};
					26D804591ACCD489003497F5 = {
						CreatedOnToolsVersion = 6.1.1;
						TestTargetID = 26D804401ACCD489003497F5;
					};
				};
			};
			buildConfigurationList = 26D8043C1ACCD489003497F5 /* Build configuration list for PBXProject "JaYinetApp" */;
			compatibilityVersion = "Xcode 3.2";
			developmentRegion = English;
			hasScannedForEncodings = 0;
			knownRegions = (
				en,
				Base,
			);
			mainGroup = 26D804381ACCD489003497F5;
			productRefGroup = 26D804421ACCD489003497F5 /* Products */;
			projectDirPath = "";
			projectRoot = "";
			targets = (
				26D804401ACCD489003497F5 /* JaYinetApp */,
				26D804591ACCD489003497F5 /* JaYinetAppTests */,
			);
		};
/* End PBXProject section */

/* Begin PBXResourcesBuildPhase section */
		26D8043F1ACCD489003497F5 /* Resources */ = {
			isa = PBXResourcesBuildPhase;
			buildActionMask = 2147483647;
			files = (
				26436C281ADCD32A00565CCD /* estetoscopio.jpg in Resources */,
				26375A9E1ACE2852008BD965 /* ir.png in Resources */,
				26D8058B1ACCE24B003497F5 /* 1427960059_menu-alt-32.png in Resources */,
				26D804501ACCD489003497F5 /* Main.storyboard in Resources */,
				26D804551ACCD489003497F5 /* LaunchScreen.xib in Resources */,
				26D804521ACCD489003497F5 /* Images.xcassets in Resources */,
				26D805C71ACE1073003497F5 /* estetoscopioM1.png in Resources */,
				26436C261ADCD30B00565CCD /* 1427987532_circle_back_arrow_-32.png in Resources */,
				26D805C51ACE0CD2003497F5 /* estetoscopioM.jpg in Resources */,
				26D805C31ACE0C78003497F5 /* corazon.jpg in Resources */,
			);
			runOnlyForDeploymentPostprocessing = 0;
		};
		26D804581ACCD489003497F5 /* Resources */ = {
			isa = PBXResourcesBuildPhase;
			buildActionMask = 2147483647;
			files = (
			);
			runOnlyForDeploymentPostprocessing = 0;
		};
/* End PBXResourcesBuildPhase section */

/* Begin PBXSourcesBuildPhase section */
		26D8043D1ACCD489003497F5 /* Sources */ = {
			isa = PBXSourcesBuildPhase;
			buildActionMask = 2147483647;
			files = (
				26D8044D1ACCD489003497F5 /* HomeController.m in Sources */,
				26DC7A2B1ACFE31F006E0643 /* HistorialEstatus.m in Sources */,
				26DC7A251ACE6CC6006E0643 /* RegistroPaciente.m in Sources */,
				26375AA41ACE2F33008BD965 /* MenuSocialController.m in Sources */,
				26DC7A321AD05C88006E0643 /* Actualiza_Estatus.m in Sources */,
				26D8044A1ACCD489003497F5 /* AppDelegate.m in Sources */,
				26DC7A351AD06BF8006E0643 /* ListadoPacientes.m in Sources */,
				26DC7A281ACFCD88006E0643 /* BuscarPaciente.m in Sources */,
				26DC7A381AD06CB9006E0643 /* ListadoCell.m in Sources */,
				26D805921ACD0875003497F5 /* IniciarSesionController.m in Sources */,
				26D805BB1ACD4AD7003497F5 /* HistorialCell.m in Sources */,
				26BA10F31AD350B500CA3357 /* Lista_Estatus.m in Sources */,
				26375AA11ACE2EA4008BD965 /* HistorialPacienteSocial.m in Sources */,
				26D805881ACCDB62003497F5 /* MenuController.m in Sources */,
				26D805B81ACD4962003497F5 /* HistorialPacienteController.m in Sources */,
				26DC7A2E1ACFE63B006E0643 /* EstatusCell.m in Sources */,
				26D8058F1ACD02AE003497F5 /* ConsultarController.m in Sources */,
				26D804471ACCD489003497F5 /* main.m in Sources */,
				26D805801ACCD83B003497F5 /* SWRevealViewController.m in Sources */,
			);
			runOnlyForDeploymentPostprocessing = 0;
		};
		26D804561ACCD489003497F5 /* Sources */ = {
			isa = PBXSourcesBuildPhase;
			buildActionMask = 2147483647;
			files = (
				26D804611ACCD489003497F5 /* JaYinetAppTests.m in Sources */,
			);
			runOnlyForDeploymentPostprocessing = 0;
		};
/* End PBXSourcesBuildPhase section */

/* Begin PBXTargetDependency section */
		26D8045C1ACCD489003497F5 /* PBXTargetDependency */ = {
			isa = PBXTargetDependency;
			target = 26D804401ACCD489003497F5 /* JaYinetApp */;
			targetProxy = 26D8045B1ACCD489003497F5 /* PBXContainerItemProxy */;
		};
/* End PBXTargetDependency section */

/* Begin PBXVariantGroup section */
		26D8044E1ACCD489003497F5 /* Main.storyboard */ = {
			isa = PBXVariantGroup;
			children = (
				26D8044F1ACCD489003497F5 /* Base */,
			);
			name = Main.storyboard;
			sourceTree = "<group>";
		};
		26D804531ACCD489003497F5 /* LaunchScreen.xib */ = {
			isa = PBXVariantGroup;
			children = (
				26D804541ACCD489003497F5 /* Base */,
			);
			name = LaunchScreen.xib;
			sourceTree = "<group>";
		};
/* End PBXVariantGroup section */

/* Begin XCBuildConfiguration section */
		26D804621ACCD489003497F5 /* Debug */ = {
			isa = XCBuildConfiguration;
			buildSettings = {
				ALWAYS_SEARCH_USER_PATHS = NO;
				CLANG_CXX_LANGUAGE_STANDARD = "gnu++0x";
				CLANG_CXX_LIBRARY = "libc++";
				CLANG_ENABLE_MODULES = YES;
				CLANG_ENABLE_OBJC_ARC = YES;
				CLANG_WARN_BOOL_CONVERSION = YES;
				CLANG_WARN_CONSTANT_CONVERSION = YES;
				CLANG_WARN_DIRECT_OBJC_ISA_USAGE = YES_ERROR;
				CLANG_WARN_EMPTY_BODY = YES;
				CLANG_WARN_ENUM_CONVERSION = YES;
				CLANG_WARN_INT_CONVERSION = YES;
				CLANG_WARN_OBJC_ROOT_CLASS = YES_ERROR;
				CLANG_WARN_UNREACHABLE_CODE = YES;
				CLANG_WARN__DUPLICATE_METHOD_MATCH = YES;
				"CODE_SIGN_IDENTITY[sdk=iphoneos*]" = "iPhone Developer";
				COPY_PHASE_STRIP = NO;
				ENABLE_STRICT_OBJC_MSGSEND = YES;
				GCC_C_LANGUAGE_STANDARD = gnu99;
				GCC_DYNAMIC_NO_PIC = NO;
				GCC_OPTIMIZATION_LEVEL = 0;
				GCC_PREPROCESSOR_DEFINITIONS = (
					"DEBUG=1",
					"$(inherited)",
				);
				GCC_SYMBOLS_PRIVATE_EXTERN = NO;
				GCC_WARN_64_TO_32_BIT_CONVERSION = YES;
				GCC_WARN_ABOUT_RETURN_TYPE = YES_ERROR;
				GCC_WARN_UNDECLARED_SELECTOR = YES;
				GCC_WARN_UNINITIALIZED_AUTOS = YES_AGGRESSIVE;
				GCC_WARN_UNUSED_FUNCTION = YES;
				GCC_WARN_UNUSED_VARIABLE = YES;
				IPHONEOS_DEPLOYMENT_TARGET = 8.1;
				MTL_ENABLE_DEBUG_INFO = YES;
				ONLY_ACTIVE_ARCH = YES;
				SDKROOT = iphoneos;
			};
			name = Debug;
		};
		26D804631ACCD489003497F5 /* Release */ = {
			isa = XCBuildConfiguration;
			buildSettings = {
				ALWAYS_SEARCH_USER_PATHS = NO;
				CLANG_CXX_LANGUAGE_STANDARD = "gnu++0x";
				CLANG_CXX_LIBRARY = "libc++";
				CLANG_ENABLE_MODULES = YES;
				CLANG_ENABLE_OBJC_ARC = YES;
				CLANG_WARN_BOOL_CONVERSION = YES;
				CLANG_WARN_CONSTANT_CONVERSION = YES;
				CLANG_WARN_DIRECT_OBJC_ISA_USAGE = YES_ERROR;
				CLANG_WARN_EMPTY_BODY = YES;
				CLANG_WARN_ENUM_CONVERSION = YES;
				CLANG_WARN_INT_CONVERSION = YES;
				CLANG_WARN_OBJC_ROOT_CLASS = YES_ERROR;
				CLANG_WARN_UNREACHABLE_CODE = YES;
				CLANG_WARN__DUPLICATE_METHOD_MATCH = YES;
				"CODE_SIGN_IDENTITY[sdk=iphoneos*]" = "iPhone Developer";
				COPY_PHASE_STRIP = YES;
				ENABLE_NS_ASSERTIONS = NO;
				ENABLE_STRICT_OBJC_MSGSEND = YES;
				GCC_C_LANGUAGE_STANDARD = gnu99;
				GCC_WARN_64_TO_32_BIT_CONVERSION = YES;
				GCC_WARN_ABOUT_RETURN_TYPE = YES_ERROR;
				GCC_WARN_UNDECLARED_SELECTOR = YES;
				GCC_WARN_UNINITIALIZED_AUTOS = YES_AGGRESSIVE;
				GCC_WARN_UNUSED_FUNCTION = YES;
				GCC_WARN_UNUSED_VARIABLE = YES;
				IPHONEOS_DEPLOYMENT_TARGET = 8.1;
				MTL_ENABLE_DEBUG_INFO = NO;
				SDKROOT = iphoneos;
				VALIDATE_PRODUCT = YES;
			};
			name = Release;
		};
		26D804651ACCD489003497F5 /* Debug */ = {
			isa = XCBuildConfiguration;
			buildSettings = {
				ASSETCATALOG_COMPILER_APPICON_NAME = AppIcon;
				CODE_SIGN_IDENTITY = "iPhone Developer: Elizabeth Martínez Gómez (N2882R6L22)";
				FRAMEWORK_SEARCH_PATHS = (
					"$(inherited)",
					"$(PROJECT_DIR)/JaYinetApp",
				);
				INFOPLIST_FILE = JaYinetApp/Info.plist;
				LD_RUNPATH_SEARCH_PATHS = "$(inherited) @executable_path/Frameworks";
				PRODUCT_NAME = "$(TARGET_NAME)";
				PROVISIONING_PROFILE = "8745e3c7-4e41-4196-afed-7aad03a6387d";
			};
			name = Debug;
		};
		26D804661ACCD489003497F5 /* Release */ = {
			isa = XCBuildConfiguration;
			buildSettings = {
				ASSETCATALOG_COMPILER_APPICON_NAME = AppIcon;
				CODE_SIGN_IDENTITY = "iPhone Developer: Elizabeth Martínez Gómez (N2882R6L22)";
				FRAMEWORK_SEARCH_PATHS = (
					"$(inherited)",
					"$(PROJECT_DIR)/JaYinetApp",
				);
				INFOPLIST_FILE = JaYinetApp/Info.plist;
				LD_RUNPATH_SEARCH_PATHS = "$(inherited) @executable_path/Frameworks";
				PRODUCT_NAME = "$(TARGET_NAME)";
				PROVISIONING_PROFILE = "8745e3c7-4e41-4196-afed-7aad03a6387d";
			};
			name = Release;
		};
		26D804681ACCD489003497F5 /* Debug */ = {
			isa = XCBuildConfiguration;
			buildSettings = {
				BUNDLE_LOADER = "$(TEST_HOST)";
				FRAMEWORK_SEARCH_PATHS = (
					"$(SDKROOT)/Developer/Library/Frameworks",
					"$(inherited)",
				);
				GCC_PREPROCESSOR_DEFINITIONS = (
					"DEBUG=1",
					"$(inherited)",
				);
				INFOPLIST_FILE = JaYinetAppTests/Info.plist;
				LD_RUNPATH_SEARCH_PATHS = "$(inherited) @executable_path/Frameworks @loader_path/Frameworks";
				PRODUCT_NAME = "$(TARGET_NAME)";
				TEST_HOST = "$(BUILT_PRODUCTS_DIR)/JaYinetApp.app/JaYinetApp";
			};
			name = Debug;
		};
		26D804691ACCD489003497F5 /* Release */ = {
			isa = XCBuildConfiguration;
			buildSettings = {
				BUNDLE_LOADER = "$(TEST_HOST)";
				FRAMEWORK_SEARCH_PATHS = (
					"$(SDKROOT)/Developer/Library/Frameworks",
					"$(inherited)",
				);
				INFOPLIST_FILE = JaYinetAppTests/Info.plist;
				LD_RUNPATH_SEARCH_PATHS = "$(inherited) @executable_path/Frameworks @loader_path/Frameworks";
				PRODUCT_NAME = "$(TARGET_NAME)";
				TEST_HOST = "$(BUILT_PRODUCTS_DIR)/JaYinetApp.app/JaYinetApp";
			};
			name = Release;
		};
/* End XCBuildConfiguration section */

/* Begin XCConfigurationList section */
		26D8043C1ACCD489003497F5 /* Build configuration list for PBXProject "JaYinetApp" */ = {
			isa = XCConfigurationList;
			buildConfigurations = (
				26D804621ACCD489003497F5 /* Debug */,
				26D804631ACCD489003497F5 /* Release */,
			);
			defaultConfigurationIsVisible = 0;
			defaultConfigurationName = Release;
		};
		26D804641ACCD489003497F5 /* Build configuration list for PBXNativeTarget "JaYinetApp" */ = {
			isa = XCConfigurationList;
			buildConfigurations = (
				26D804651ACCD489003497F5 /* Debug */,
				26D804661ACCD489003497F5 /* Release */,
			);
			defaultConfigurationIsVisible = 0;
			defaultConfigurationName = Release;
		};
		26D804671ACCD489003497F5 /* Build configuration list for PBXNativeTarget "JaYinetAppTests" */ = {
			isa = XCConfigurationList;
			buildConfigurations = (
				26D804681ACCD489003497F5 /* Debug */,
				26D804691ACCD489003497F5 /* Release */,
			);
			defaultConfigurationIsVisible = 0;
			defaultConfigurationName = Release;
		};
/* End XCConfigurationList section */
	};
	rootObject = 26D804391ACCD489003497F5 /* Project object */;
}
