// !$*UTF8*$!
{
	archiveVersion = 1;
	classes = {
	};
	objectVersion = 46;
	objects = {

/* Begin PBXBuildFile section */
		26D804471ACCD489003497F5 /* main.m in Sources */ = {isa = PBXBuildFile; fileRef = 26D804461ACCD489003497F5 /* main.m */; };
		26D8044A1ACCD489003497F5 /* AppDelegate.m in Sources */ = {isa = PBXBuildFile; fileRef = 26D804491ACCD489003497F5 /* AppDelegate.m */; };
		26D8044D1ACCD489003497F5 /* HomeController.m in Sources */ = {isa = PBXBuildFile; fileRef = 26D8044C1ACCD489003497F5 /* HomeController.m */; };
		26D804501ACCD489003497F5 /* Main.storyboard in Resources */ = {isa = PBXBuildFile; fileRef = 26D8044E1ACCD489003497F5 /* Main.storyboard */; };
		26D804521ACCD489003497F5 /* Images.xcassets in Resources */ = {isa = PBXBuildFile; fileRef = 26D804511ACCD489003497F5 /* Images.xcassets */; };
		26D804551ACCD489003497F5 /* LaunchScreen.xib in Resources */ = {isa = PBXBuildFile; fileRef = 26D804531ACCD489003497F5 /* LaunchScreen.xib */; };
		26D804611ACCD489003497F5 /* JaYinetAppTests.m in Sources */ = {isa = PBXBuildFile; fileRef = 26D804601ACCD489003497F5 /* JaYinetAppTests.m */; };
		26D805801ACCD83B003497F5 /* SWRevealViewController.m in Sources */ = {isa = PBXBuildFile; fileRef = 26D8057F1ACCD83B003497F5 /* SWRevealViewController.m */; };
		26D805881ACCDB62003497F5 /* MenuController.m in Sources */ = {isa = PBXBuildFile; fileRef = 26D805871ACCDB62003497F5 /* MenuController.m */; };
		26D8058B1ACCE24B003497F5 /* 1427960059_menu-alt-32.png in Resources */ = {isa = PBXBuildFile; fileRef = 26D8058A1ACCE24B003497F5 /* 1427960059_menu-alt-32.png */; };
		26D8058F1ACD02AE003497F5 /* ConsultarController.m in Sources */ = {isa = PBXBuildFile; fileRef = 26D8058E1ACD02AE003497F5 /* ConsultarController.m */; };
		26D805921ACD0875003497F5 /* IniciarSesionController.m in Sources */ = {isa = PBXBuildFile; fileRef = 26D805911ACD0875003497F5 /* IniciarSesionController.m */; };
/* End PBXBuildFile section */

/* Begin PBXContainerItemProxy section */
		26D8045B1ACCD489003497F5 /* PBXContainerItemProxy */ = {
			isa = PBXContainerItemProxy;
			containerPortal = 26D804391ACCD489003497F5 /* Project object */;
			proxyType = 1;
			remoteGlobalIDString = 26D804401ACCD489003497F5;
			remoteInfo = JaYinetApp;
		};
/* End PBXContainerItemProxy section */

/* Begin PBXFileReference section */
		26D804411ACCD489003497F5 /* JaYinetApp.app */ = {isa = PBXFileReference; explicitFileType = wrapper.application; includeInIndex = 0; path = JaYinetApp.app; sourceTree = BUILT_PRODUCTS_DIR; };
		26D804451ACCD489003497F5 /* Info.plist */ = {isa = PBXFileReference; lastKnownFileType = text.plist.xml; path = Info.plist; sourceTree = "<group>"; };
		26D804461ACCD489003497F5 /* main.m */ = {isa = PBXFileReference; lastKnownFileType = sourcecode.c.objc; path = main.m; sourceTree = "<group>"; };
		26D804481ACCD489003497F5 /* AppDelegate.h */ = {isa = PBXFileReference; lastKnownFileType = sourcecode.c.h; path = AppDelegate.h; sourceTree = "<group>"; };
		26D804491ACCD489003497F5 /* AppDelegate.m */ = {isa = PBXFileReference; lastKnownFileType = sourcecode.c.objc; path = AppDelegate.m; sourceTree = "<group>"; };
		26D8044B1ACCD489003497F5 /* HomeController.h */ = {isa = PBXFileReference; lastKnownFileType = sourcecode.c.h; path = HomeController.h; sourceTree = "<group>"; };
		26D8044C1ACCD489003497F5 /* HomeController.m */ = {isa = PBXFileReference; lastKnownFileType = sourcecode.c.objc; path = HomeController.m; sourceTree = "<group>"; };
		26D8044F1ACCD489003497F5 /* Base */ = {isa = PBXFileReference; lastKnownFileType = file.storyboard; name = Base; path = Base.lproj/Main.storyboard; sourceTree = "<group>"; };
		26D804511ACCD489003497F5 /* Images.xcassets */ = {isa = PBXFileReference; lastKnownFileType = folder.assetcatalog; path = Images.xcassets; sourceTree = "<group>"; };
		26D804541ACCD489003497F5 /* Base */ = {isa = PBXFileReference; lastKnownFileType = file.xib; name = Base; path = Base.lproj/LaunchScreen.xib; sourceTree = "<group>"; };
		26D8045A1ACCD489003497F5 /* JaYinetAppTests.xctest */ = {isa = PBXFileReference; explicitFileType = wrapper.cfbundle; includeInIndex = 0; path = JaYinetAppTests.xctest; sourceTree = BUILT_PRODUCTS_DIR; };
		26D8045F1ACCD489003497F5 /* Info.plist */ = {isa = PBXFileReference; lastKnownFileType = text.plist.xml; path = Info.plist; sourceTree = "<group>"; };
		26D804601ACCD489003497F5 /* JaYinetAppTests.m */ = {isa = PBXFileReference; lastKnownFileType = sourcecode.c.objc; path = JaYinetAppTests.m; sourceTree = "<group>"; };
		26D8057E1ACCD83B003497F5 /* SWRevealViewController.h */ = {isa = PBXFileReference; fileEncoding = 4; lastKnownFileType = sourcecode.c.h; path = SWRevealViewController.h; sourceTree = "<group>"; };
		26D8057F1ACCD83B003497F5 /* SWRevealViewController.m */ = {isa = PBXFileReference; fileEncoding = 4; lastKnownFileType = sourcecode.c.objc; path = SWRevealViewController.m; sourceTree = "<group>"; };
		26D805861ACCDB62003497F5 /* MenuController.h */ = {isa = PBXFileReference; fileEncoding = 4; lastKnownFileType = sourcecode.c.h; path = MenuController.h; sourceTree = "<group>"; };
		26D805871ACCDB62003497F5 /* MenuController.m */ = {isa = PBXFileReference; fileEncoding = 4; lastKnownFileType = sourcecode.c.objc; path = MenuController.m; sourceTree = "<group>"; };
		26D8058A1ACCE24B003497F5 /* 1427960059_menu-alt-32.png */ = {isa = PBXFileReference; lastKnownFileType = image.png; path = "1427960059_menu-alt-32.png"; sourceTree = "<group>"; };
		26D8058D1ACD02AE003497F5 /* ConsultarController.h */ = {isa = PBXFileReference; fileEncoding = 4; lastKnownFileType = sourcecode.c.h; path = ConsultarController.h; sourceTree = "<group>"; };
		26D8058E1ACD02AE003497F5 /* ConsultarController.m */ = {isa = PBXFileReference; fileEncoding = 4; lastKnownFileType = sourcecode.c.objc; path = ConsultarController.m; sourceTree = "<group>"; };
		26D805901ACD0875003497F5 /* IniciarSesionController.h */ = {isa = PBXFileReference; fileEncoding = 4; lastKnownFileType = sourcecode.c.h; path = IniciarSesionController.h; sourceTree = "<group>"; };
		26D805911ACD0875003497F5 /* IniciarSesionController.m */ = {isa = PBXFileReference; fileEncoding = 4; lastKnownFileType = sourcecode.c.objc; path = IniciarSesionController.m; sourceTree = "<group>"; };
/* End PBXFileReference section */

/* Begin PBXFrameworksBuildPhase section */
		26D8043E1ACCD489003497F5 /* Frameworks */ = {
			isa = PBXFrameworksBuildPhase;
			buildActionMask = 2147483647;
			files = (
			);
			runOnlyForDeploymentPostprocessing = 0;
		};
		26D804571ACCD489003497F5 /* Frameworks */ = {
			isa = PBXFrameworksBuildPhase;
			buildActionMask = 2147483647;
			files = (
			);
			runOnlyForDeploymentPostprocessing = 0;
		};
/* End PBXFrameworksBuildPhase section */

/* Begin PBXGroup section */
		26D804381ACCD489003497F5 = {
			isa = PBXGroup;
			children = (
				26D804431ACCD489003497F5 /* JaYinetApp */,
				26D8045D1ACCD489003497F5 /* JaYinetAppTests */,
				26D804421ACCD489003497F5 /* Products */,
			);
			sourceTree = "<group>";
		};
		26D804421ACCD489003497F5 /* Products */ = {
			isa = PBXGroup;
			children = (
				26D804411ACCD489003497F5 /* JaYinetApp.app */,
				26D8045A1ACCD489003497F5 /* JaYinetAppTests.xctest */,
			);
			name = Products;
			sourceTree = "<group>";
		};
		26D804431ACCD489003497F5 /* JaYinetApp */ = {
			isa = PBXGroup;
			children = (
				26D8058C1ACD028F003497F5 /* Consultas */,
				26D805891ACCE23A003497F5 /* Media */,
				26D805821ACCD98E003497F5 /* Menu */,
				26D805811ACCD986003497F5 /* Home */,
				26D8046A1ACCD7A9003497F5 /* Frameworks */,
				26D804481ACCD489003497F5 /* AppDelegate.h */,
				26D804491ACCD489003497F5 /* AppDelegate.m */,
				26D8044E1ACCD489003497F5 /* Main.storyboard */,
				26D804511ACCD489003497F5 /* Images.xcassets */,
				26D804531ACCD489003497F5 /* LaunchScreen.xib */,
				26D804441ACCD489003497F5 /* Supporting Files */,
			);
			path = JaYinetApp;
			sourceTree = "<group>";
		};
		26D804441ACCD489003497F5 /* Supporting Files */ = {
			isa = PBXGroup;
			children = (
				26D804451ACCD489003497F5 /* Info.plist */,
				26D804461ACCD489003497F5 /* main.m */,
			);
			name = "Supporting Files";
			sourceTree = "<group>";
		};
		26D8045D1ACCD489003497F5 /* JaYinetAppTests */ = {
			isa = PBXGroup;
			children = (
				26D804601ACCD489003497F5 /* JaYinetAppTests.m */,
				26D8045E1ACCD489003497F5 /* Supporting Files */,
			);
			path = JaYinetAppTests;
			sourceTree = "<group>";
		};
		26D8045E1ACCD489003497F5 /* Supporting Files */ = {
			isa = PBXGroup;
			children = (
				26D8045F1ACCD489003497F5 /* Info.plist */,
			);
			name = "Supporting Files";
			sourceTree = "<group>";
		};
		26D8046A1ACCD7A9003497F5 /* Frameworks */ = {
			isa = PBXGroup;
			children = (
				26D8057D1ACCD83B003497F5 /* SWRevealViewController */,
			);
			name = Frameworks;
			sourceTree = "<group>";
		};
		26D8057D1ACCD83B003497F5 /* SWRevealViewController */ = {
			isa = PBXGroup;
			children = (
				26D8057E1ACCD83B003497F5 /* SWRevealViewController.h */,
				26D8057F1ACCD83B003497F5 /* SWRevealViewController.m */,
			);
			path = SWRevealViewController;
			sourceTree = "<group>";
		};
		26D805811ACCD986003497F5 /* Home */ = {
			isa = PBXGroup;
			children = (
				26D8044B1ACCD489003497F5 /* HomeController.h */,
				26D8044C1ACCD489003497F5 /* HomeController.m */,
			);
			name = Home;
			sourceTree = "<group>";
		};
		26D805821ACCD98E003497F5 /* Menu */ = {
			isa = PBXGroup;
			children = (
				26D805861ACCDB62003497F5 /* MenuController.h */,
				26D805871ACCDB62003497F5 /* MenuController.m */,
			);
			name = Menu;
			sourceTree = "<group>";
		};
		26D805891ACCE23A003497F5 /* Media */ = {
			isa = PBXGroup;
			children = (
				26D8058A1ACCE24B003497F5 /* 1427960059_menu-alt-32.png */,
			);
			name = Media;
			sourceTree = "<group>";
		};
		26D8058C1ACD028F003497F5 /* Consultas */ = {
			isa = PBXGroup;
			children = (
				26D8058D1ACD02AE003497F5 /* ConsultarController.h */,
				26D8058E1ACD02AE003497F5 /* ConsultarController.m */,
				26D805901ACD0875003497F5 /* IniciarSesionController.h */,
				26D805911ACD0875003497F5 /* IniciarSesionController.m */,
			);
			name = Consultas;
			sourceTree = "<group>";
		};
/* End PBXGroup section */

/* Begin PBXNativeTarget section */
		26D804401ACCD489003497F5 /* JaYinetApp */ = {
			isa = PBXNativeTarget;
			buildConfigurationList = 26D804641ACCD489003497F5 /* Build configuration list for PBXNativeTarget "JaYinetApp" */;
			buildPhases = (
				26D8043D1ACCD489003497F5 /* Sources */,
				26D8043E1ACCD489003497F5 /* Frameworks */,
				26D8043F1ACCD489003497F5 /* Resources */,
			);
			buildRules = (
			);
			dependencies = (
			);
			name = JaYinetApp;
			productName = JaYinetApp;
			productReference = 26D804411ACCD489003497F5 /* JaYinetApp.app */;
			productType = "com.apple.product-type.application";
		};
		26D804591ACCD489003497F5 /* JaYinetAppTests */ = {
			isa = PBXNativeTarget;
			buildConfigurationList = 26D804671ACCD489003497F5 /* Build configuration list for PBXNativeTarget "JaYinetAppTests" */;
			buildPhases = (
				26D804561ACCD489003497F5 /* Sources */,
				26D804571ACCD489003497F5 /* Frameworks */,
				26D804581ACCD489003497F5 /* Resources */,
			);
			buildRules = (
			);
			dependencies = (
				26D8045C1ACCD489003497F5 /* PBXTargetDependency */,
			);
			name = JaYinetAppTests;
			productName = JaYinetAppTests;
			productReference = 26D8045A1ACCD489003497F5 /* JaYinetAppTests.xctest */;
			productType = "com.apple.product-type.bundle.unit-test";
		};
/* End PBXNativeTarget section */

/* Begin PBXProject section */
		26D804391ACCD489003497F5 /* Project object */ = {
			isa = PBXProject;
			attributes = {
				LastUpgradeCheck = 0610;
				ORGANIZATIONNAME = "Elizabeth Martínez Gómez";
				TargetAttributes = {
					26D804401ACCD489003497F5 = {
						CreatedOnToolsVersion = 6.1.1;
					};
					26D804591ACCD489003497F5 = {
						CreatedOnToolsVersion = 6.1.1;
						TestTargetID = 26D804401ACCD489003497F5;
					};
				};
			};
			buildConfigurationList = 26D8043C1ACCD489003497F5 /* Build configuration list for PBXProject "JaYinetApp" */;
			compatibilityVersion = "Xcode 3.2";
			developmentRegion = English;
			hasScannedForEncodings = 0;
			knownRegions = (
				en,
				Base,
			);
			mainGroup = 26D804381ACCD489003497F5;
			productRefGroup = 26D804421ACCD489003497F5 /* Products */;
			projectDirPath = "";
			projectRoot = "";
			targets = (
				26D804401ACCD489003497F5 /* JaYinetApp */,
				26D804591ACCD489003497F5 /* JaYinetAppTests */,
			);
		};
/* End PBXProject section */

/* Begin PBXResourcesBuildPhase section */
		26D8043F1ACCD489003497F5 /* Resources */ = {
			isa = PBXResourcesBuildPhase;
			buildActionMask = 2147483647;
			files = (
				26D8058B1ACCE24B003497F5 /* 1427960059_menu-alt-32.png in Resources */,
				26D804501ACCD489003497F5 /* Main.storyboard in Resources */,
				26D804551ACCD489003497F5 /* LaunchScreen.xib in Resources */,
				26D804521ACCD489003497F5 /* Images.xcassets in Resources */,
			);
			runOnlyForDeploymentPostprocessing = 0;
		};
		26D804581ACCD489003497F5 /* Resources */ = {
			isa = PBXResourcesBuildPhase;
			buildActionMask = 2147483647;
			files = (
			);
			runOnlyForDeploymentPostprocessing = 0;
		};
/* End PBXResourcesBuildPhase section */

/* Begin PBXSourcesBuildPhase section */
		26D8043D1ACCD489003497F5 /* Sources */ = {
			isa = PBXSourcesBuildPhase;
			buildActionMask = 2147483647;
			files = (
				26D8044D1ACCD489003497F5 /* HomeController.m in Sources */,
				26D8044A1ACCD489003497F5 /* AppDelegate.m in Sources */,
				26D805921ACD0875003497F5 /* IniciarSesionController.m in Sources */,
				26D805881ACCDB62003497F5 /* MenuController.m in Sources */,
				26D8058F1ACD02AE003497F5 /* ConsultarController.m in Sources */,
				26D804471ACCD489003497F5 /* main.m in Sources */,
				26D805801ACCD83B003497F5 /* SWRevealViewController.m in Sources */,
			);
			runOnlyForDeploymentPostprocessing = 0;
		};
		26D804561ACCD489003497F5 /* Sources */ = {
			isa = PBXSourcesBuildPhase;
			buildActionMask = 2147483647;
			files = (
				26D804611ACCD489003497F5 /* JaYinetAppTests.m in Sources */,
			);
			runOnlyForDeploymentPostprocessing = 0;
		};
/* End PBXSourcesBuildPhase section */

/* Begin PBXTargetDependency section */
		26D8045C1ACCD489003497F5 /* PBXTargetDependency */ = {
			isa = PBXTargetDependency;
			target = 26D804401ACCD489003497F5 /* JaYinetApp */;
			targetProxy = 26D8045B1ACCD489003497F5 /* PBXContainerItemProxy */;
		};
/* End PBXTargetDependency section */

/* Begin PBXVariantGroup section */
		26D8044E1ACCD489003497F5 /* Main.storyboard */ = {
			isa = PBXVariantGroup;
			children = (
				26D8044F1ACCD489003497F5 /* Base */,
			);
			name = Main.storyboard;
			sourceTree = "<group>";
		};
		26D804531ACCD489003497F5 /* LaunchScreen.xib */ = {
			isa = PBXVariantGroup;
			children = (
				26D804541ACCD489003497F5 /* Base */,
			);
			name = LaunchScreen.xib;
			sourceTree = "<group>";
		};
/* End PBXVariantGroup section */

/* Begin XCBuildConfiguration section */
		26D804621ACCD489003497F5 /* Debug */ = {
			isa = XCBuildConfiguration;
			buildSettings = {
				ALWAYS_SEARCH_USER_PATHS = NO;
				CLANG_CXX_LANGUAGE_STANDARD = "gnu++0x";
				CLANG_CXX_LIBRARY = "libc++";
				CLANG_ENABLE_MODULES = YES;
				CLANG_ENABLE_OBJC_ARC = YES;
				CLANG_WARN_BOOL_CONVERSION = YES;
				CLANG_WARN_CONSTANT_CONVERSION = YES;
				CLANG_WARN_DIRECT_OBJC_ISA_USAGE = YES_ERROR;
				CLANG_WARN_EMPTY_BODY = YES;
				CLANG_WARN_ENUM_CONVERSION = YES;
				CLANG_WARN_INT_CONVERSION = YES;
				CLANG_WARN_OBJC_ROOT_CLASS = YES_ERROR;
				CLANG_WARN_UNREACHABLE_CODE = YES;
				CLANG_WARN__DUPLICATE_METHOD_MATCH = YES;
				"CODE_SIGN_IDENTITY[sdk=iphoneos*]" = "iPhone Developer";
				COPY_PHASE_STRIP = NO;
				ENABLE_STRICT_OBJC_MSGSEND = YES;
				GCC_C_LANGUAGE_STANDARD = gnu99;
				GCC_DYNAMIC_NO_PIC = NO;
				GCC_OPTIMIZATION_LEVEL = 0;
				GCC_PREPROCESSOR_DEFINITIONS = (
					"DEBUG=1",
					"$(inherited)",
				);
				GCC_SYMBOLS_PRIVATE_EXTERN = NO;
				GCC_WARN_64_TO_32_BIT_CONVERSION = YES;
				GCC_WARN_ABOUT_RETURN_TYPE = YES_ERROR;
				GCC_WARN_UNDECLARED_SELECTOR = YES;
				GCC_WARN_UNINITIALIZED_AUTOS = YES_AGGRESSIVE;
				GCC_WARN_UNUSED_FUNCTION = YES;
				GCC_WARN_UNUSED_VARIABLE = YES;
				IPHONEOS_DEPLOYMENT_TARGET = 8.1;
				MTL_ENABLE_DEBUG_INFO = YES;
				ONLY_ACTIVE_ARCH = YES;
				SDKROOT = iphoneos;
			};
			name = Debug;
		};
		26D804631ACCD489003497F5 /* Release */ = {
			isa = XCBuildConfiguration;
			buildSettings = {
				ALWAYS_SEARCH_USER_PATHS = NO;
				CLANG_CXX_LANGUAGE_STANDARD = "gnu++0x";
				CLANG_CXX_LIBRARY = "libc++";
				CLANG_ENABLE_MODULES = YES;
				CLANG_ENABLE_OBJC_ARC = YES;
				CLANG_WARN_BOOL_CONVERSION = YES;
				CLANG_WARN_CONSTANT_CONVERSION = YES;
				CLANG_WARN_DIRECT_OBJC_ISA_USAGE = YES_ERROR;
				CLANG_WARN_EMPTY_BODY = YES;
				CLANG_WARN_ENUM_CONVERSION = YES;
				CLANG_WARN_INT_CONVERSION = YES;
				CLANG_WARN_OBJC_ROOT_CLASS = YES_ERROR;
				CLANG_WARN_UNREACHABLE_CODE = YES;
				CLANG_WARN__DUPLICATE_METHOD_MATCH = YES;
				"CODE_SIGN_IDENTITY[sdk=iphoneos*]" = "iPhone Developer";
				COPY_PHASE_STRIP = YES;
				ENABLE_NS_ASSERTIONS = NO;
				ENABLE_STRICT_OBJC_MSGSEND = YES;
				GCC_C_LANGUAGE_STANDARD = gnu99;
				GCC_WARN_64_TO_32_BIT_CONVERSION = YES;
				GCC_WARN_ABOUT_RETURN_TYPE = YES_ERROR;
				GCC_WARN_UNDECLARED_SELECTOR = YES;
				GCC_WARN_UNINITIALIZED_AUTOS = YES_AGGRESSIVE;
				GCC_WARN_UNUSED_FUNCTION = YES;
				GCC_WARN_UNUSED_VARIABLE = YES;
				IPHONEOS_DEPLOYMENT_TARGET = 8.1;
				MTL_ENABLE_DEBUG_INFO = NO;
				SDKROOT = iphoneos;
				VALIDATE_PRODUCT = YES;
			};
			name = Release;
		};
		26D804651ACCD489003497F5 /* Debug */ = {
			isa = XCBuildConfiguration;
			buildSettings = {
				ASSETCATALOG_COMPILER_APPICON_NAME = AppIcon;
				INFOPLIST_FILE = JaYinetApp/Info.plist;
				LD_RUNPATH_SEARCH_PATHS = "$(inherited) @executable_path/Frameworks";
				PRODUCT_NAME = "$(TARGET_NAME)";
			};
			name = Debug;
		};
		26D804661ACCD489003497F5 /* Release */ = {
			isa = XCBuildConfiguration;
			buildSettings = {
				ASSETCATALOG_COMPILER_APPICON_NAME = AppIcon;
				INFOPLIST_FILE = JaYinetApp/Info.plist;
				LD_RUNPATH_SEARCH_PATHS = "$(inherited) @executable_path/Frameworks";
				PRODUCT_NAME = "$(TARGET_NAME)";
			};
			name = Release;
		};
		26D804681ACCD489003497F5 /* Debug */ = {
			isa = XCBuildConfiguration;
			buildSettings = {
				BUNDLE_LOADER = "$(TEST_HOST)";
				FRAMEWORK_SEARCH_PATHS = (
					"$(SDKROOT)/Developer/Library/Frameworks",
					"$(inherited)",
				);
				GCC_PREPROCESSOR_DEFINITIONS = (
					"DEBUG=1",
					"$(inherited)",
				);
				INFOPLIST_FILE = JaYinetAppTests/Info.plist;
				LD_RUNPATH_SEARCH_PATHS = "$(inherited) @executable_path/Frameworks @loader_path/Frameworks";
				PRODUCT_NAME = "$(TARGET_NAME)";
				TEST_HOST = "$(BUILT_PRODUCTS_DIR)/JaYinetApp.app/JaYinetApp";
			};
			name = Debug;
		};
		26D804691ACCD489003497F5 /* Release */ = {
			isa = XCBuildConfiguration;
			buildSettings = {
				BUNDLE_LOADER = "$(TEST_HOST)";
				FRAMEWORK_SEARCH_PATHS = (
					"$(SDKROOT)/Developer/Library/Frameworks",
					"$(inherited)",
				);
				INFOPLIST_FILE = JaYinetAppTests/Info.plist;
				LD_RUNPATH_SEARCH_PATHS = "$(inherited) @executable_path/Frameworks @loader_path/Frameworks";
				PRODUCT_NAME = "$(TARGET_NAME)";
				TEST_HOST = "$(BUILT_PRODUCTS_DIR)/JaYinetApp.app/JaYinetApp";
			};
			name = Release;
		};
/* End XCBuildConfiguration section */

/* Begin XCConfigurationList section */
		26D8043C1ACCD489003497F5 /* Build configuration list for PBXProject "JaYinetApp" */ = {
			isa = XCConfigurationList;
			buildConfigurations = (
				26D804621ACCD489003497F5 /* Debug */,
				26D804631ACCD489003497F5 /* Release */,
			);
			defaultConfigurationIsVisible = 0;
			defaultConfigurationName = Release;
		};
		26D804641ACCD489003497F5 /* Build configuration list for PBXNativeTarget "JaYinetApp" */ = {
			isa = XCConfigurationList;
			buildConfigurations = (
				26D804651ACCD489003497F5 /* Debug */,
				26D804661ACCD489003497F5 /* Release */,
			);
			defaultConfigurationIsVisible = 0;
			defaultConfigurationName = Release;
		};
		26D804671ACCD489003497F5 /* Build configuration list for PBXNativeTarget "JaYinetAppTests" */ = {
			isa = XCConfigurationList;
			buildConfigurations = (
				26D804681ACCD489003497F5 /* Debug */,
				26D804691ACCD489003497F5 /* Release */,
			);
			defaultConfigurationIsVisible = 0;
			defaultConfigurationName = Release;
		};
/* End XCConfigurationList section */
	};
	rootObject = 26D804391ACCD489003497F5 /* Project object */;
}
